
Microsoft Visual Studio Solution File, Format Version 12.00
# Visual Studio Version 16
VisualStudioVersion = 16.0.31515.178
MinimumVisualStudioVersion = 10.0.40219.1
Project("{FAE04EC0-301F-11D3-BF4B-00C04F79EFBC}") = "LINQ_Exercise-01", "LINQ_Exercise-01\LINQ_Exercise-01.csproj", "{A01217BE-50F8-4744-82AE-CEDB59938EAC}"
EndProject
Global
	GlobalSection(SolutionConfigurationPlatforms) = preSolution
		Debug|Any CPU = Debug|Any CPU
		Release|Any CPU = Release|Any CPU
	EndGlobalSection
	GlobalSection(ProjectConfigurationPlatforms) = postSolution
		{A01217BE-50F8-4744-82AE-CEDB59938EAC}.Debug|Any CPU.ActiveCfg = Debug|Any CPU
		{A01217BE-50F8-4744-82AE-CEDB59938EAC}.Debug|Any CPU.Build.0 = Debug|Any CPU
		{A01217BE-50F8-4744-82AE-CEDB59938EAC}.Release|Any CPU.ActiveCfg = Release|Any CPU
		{A01217BE-50F8-4744-82AE-CEDB59938EAC}.Release|Any CPU.Build.0 = Release|Any CPU
	EndGlobalSection
	GlobalSection(SolutionProperties) = preSolution
		HideSolutionNode = FALSE
	EndGlobalSection
	GlobalSection(ExtensibilityGlobals) = postSolution
		SolutionGuid = {5EAE19F3-C1A5-454D-B1FA-609B5B041C3C}
	EndGlobalSection
EndGlobal
